Microsoft Visual Studio Solution File, Format Version 12.00
# Visual Studio Version 17
VisualStudioVersion = 17.5.2.0
MinimumVisualStudioVersion = 10.0.40219.1
Project("{FAE04EC0-301F-11D3-BF4B-00C04F79EFBC}") = "lab1", "lab1\lab1.csproj", "{4C38379F-6B46-EF58-4F1F-EC66EF1F7497}"
EndProject
Project("{FAE04EC0-301F-11D3-BF4B-00C04F79EFBC}") = "lab2", "lab2\lab2.csproj", "{F319D487-73D8-7112-8F5F-41EC036A539B}"
EndProject
Project("{FAE04EC0-301F-11D3-BF4B-00C04F79EFBC}") = "lab3", "lab3\lab3.csproj", "{BD6B9E9E-3E19-1E62-5DC0-58D981F02584}"
EndProject
Project("{FAE04EC0-301F-11D3-BF4B-00C04F79EFBC}") = "lab4", "lab4\lab4.csproj", "{B2AFC9B6-B883-AE0A-77C6-0B34E93D8B48}"
EndProject
Project("{FAE04EC0-301F-11D3-BF4B-00C04F79EFBC}") = "lab4.2", "lab4.2\lab4.2.csproj", "{E18B63AA-C632-46C6-60C4-7F649B8706E4}"
EndProject
Project("{FAE04EC0-301F-11D3-BF4B-00C04F79EFBC}") = "lab5_1", "lab5_1\lab5_1.csproj", "{B73D03BB-F4B5-251D-5DB4-3BC2FF043417}"
EndProject
Project("{FAE04EC0-301F-11D3-BF4B-00C04F79EFBC}") = "lab5_2", "lab5_2\lab5_2.csproj", "{3A95A50F-3436-2B1B-81D2-5DC778D72794}"
EndProject
Project("{FAE04EC0-301F-11D3-BF4B-00C04F79EFBC}") = "lab6", "lab6\lab6.csproj", "{30E7F149-89F5-1A50-E096-6ACD96301068}"
EndProject
Project("{FAE04EC0-301F-11D3-BF4B-00C04F79EFBC}") = "lab7", "lab7\lab7.csproj", "{01CBB298-6E3E-1D39-A8CF-79D8CB0EDD08}"
EndProject
Global
	GlobalSection(SolutionConfigurationPlatforms) = preSolution
		Debug|Any CPU = Debug|Any CPU
		Release|Any CPU = Release|Any CPU
	EndGlobalSection
	GlobalSection(ProjectConfigurationPlatforms) = postSolution
		{4C38379F-6B46-EF58-4F1F-EC66EF1F7497}.Debug|Any CPU.ActiveCfg = Debug|Any CPU
		{4C38379F-6B46-EF58-4F1F-EC66EF1F7497}.Debug|Any CPU.Build.0 = Debug|Any CPU
		{4C38379F-6B46-EF58-4F1F-EC66EF1F7497}.Release|Any CPU.ActiveCfg = Release|Any CPU
		{4C38379F-6B46-EF58-4F1F-EC66EF1F7497}.Release|Any CPU.Build.0 = Release|Any CPU
		{F319D487-73D8-7112-8F5F-41EC036A539B}.Debug|Any CPU.ActiveCfg = Debug|Any CPU
		{F319D487-73D8-7112-8F5F-41EC036A539B}.Debug|Any CPU.Build.0 = Debug|Any CPU
		{F319D487-73D8-7112-8F5F-41EC036A539B}.Release|Any CPU.ActiveCfg = Release|Any CPU
		{F319D487-73D8-7112-8F5F-41EC036A539B}.Release|Any CPU.Build.0 = Release|Any CPU
		{BD6B9E9E-3E19-1E62-5DC0-58D981F02584}.Debug|Any CPU.ActiveCfg = Debug|Any CPU
		{BD6B9E9E-3E19-1E62-5DC0-58D981F02584}.Debug|Any CPU.Build.0 = Debug|Any CPU
		{BD6B9E9E-3E19-1E62-5DC0-58D981F02584}.Release|Any CPU.ActiveCfg = Release|Any CPU
		{BD6B9E9E-3E19-1E62-5DC0-58D981F02584}.Release|Any CPU.Build.0 = Release|Any CPU
		{B2AFC9B6-B883-AE0A-77C6-0B34E93D8B48}.Debug|Any CPU.ActiveCfg = Debug|Any CPU
		{B2AFC9B6-B883-AE0A-77C6-0B34E93D8B48}.Debug|Any CPU.Build.0 = Debug|Any CPU
		{B2AFC9B6-B883-AE0A-77C6-0B34E93D8B48}.Release|Any CPU.ActiveCfg = Release|Any CPU
		{B2AFC9B6-B883-AE0A-77C6-0B34E93D8B48}.Release|Any CPU.Build.0 = Release|Any CPU
		{E18B63AA-C632-46C6-60C4-7F649B8706E4}.Debug|Any CPU.ActiveCfg = Debug|Any CPU
		{E18B63AA-C632-46C6-60C4-7F649B8706E4}.Debug|Any CPU.Build.0 = Debug|Any CPU
		{E18B63AA-C632-46C6-60C4-7F649B8706E4}.Release|Any CPU.ActiveCfg = Release|Any CPU
		{E18B63AA-C632-46C6-60C4-7F649B8706E4}.Release|Any CPU.Build.0 = Release|Any CPU
		{B73D03BB-F4B5-251D-5DB4-3BC2FF043417}.Debug|Any CPU.ActiveCfg = Debug|Any CPU
		{B73D03BB-F4B5-251D-5DB4-3BC2FF043417}.Debug|Any CPU.Build.0 = Debug|Any CPU
		{B73D03BB-F4B5-251D-5DB4-3BC2FF043417}.Release|Any CPU.ActiveCfg = Release|Any CPU
		{B73D03BB-F4B5-251D-5DB4-3BC2FF043417}.Release|Any CPU.Build.0 = Release|Any CPU
		{3A95A50F-3436-2B1B-81D2-5DC778D72794}.Debug|Any CPU.ActiveCfg = Debug|Any CPU
		{3A95A50F-3436-2B1B-81D2-5DC778D72794}.Debug|Any CPU.Build.0 = Debug|Any CPU
		{3A95A50F-3436-2B1B-81D2-5DC778D72794}.Release|Any CPU.ActiveCfg = Release|Any CPU
		{3A95A50F-3436-2B1B-81D2-5DC778D72794}.Release|Any CPU.Build.0 = Release|Any CPU
		{30E7F149-89F5-1A50-E096-6ACD96301068}.Debug|Any CPU.ActiveCfg = Debug|Any CPU
		{30E7F149-89F5-1A50-E096-6ACD96301068}.Debug|Any CPU.Build.0 = Debug|Any CPU
		{30E7F149-89F5-1A50-E096-6ACD96301068}.Release|Any CPU.ActiveCfg = Release|Any CPU
		{30E7F149-89F5-1A50-E096-6ACD96301068}.Release|Any CPU.Build.0 = Release|Any CPU
		{01CBB298-6E3E-1D39-A8CF-79D8CB0EDD08}.Debug|Any CPU.ActiveCfg = Debug|Any CPU
		{01CBB298-6E3E-1D39-A8CF-79D8CB0EDD08}.Debug|Any CPU.Build.0 = Debug|Any CPU
		{01CBB298-6E3E-1D39-A8CF-79D8CB0EDD08}.Release|Any CPU.ActiveCfg = Release|Any CPU
		{01CBB298-6E3E-1D39-A8CF-79D8CB0EDD08}.Release|Any CPU.Build.0 = Release|Any CPU
	EndGlobalSection
	GlobalSection(SolutionProperties) = preSolution
		HideSolutionNode = FALSE
	EndGlobalSection
	GlobalSection(ExtensibilityGlobals) = postSolution
		SolutionGuid = {AC978185-93D1-4DE9-9325-D586A2681B25}
	EndGlobalSection
EndGlobal
